
Microsoft Visual Studio Solution File, Format Version 12.00
# Visual Studio Version 16
VisualStudioVersion = 16.0.31702.278
MinimumVisualStudioVersion = 10.0.40219.1
Project("{8BC9CEB8-8B4A-11D0-8D11-00A0C91BC942}") = "Mujoco-experiment", "Mujoco-experiment\Mujoco-experiment.vcxproj", "{EB93B9CD-525E-4BEB-AEB9-2FF2024564A9}"
EndProject
Global
	GlobalSection(SolutionConfigurationPlatforms) = preSolution
		Debug|x64 = Debug|x64
		Debug|x86 = Debug|x86
		Release|x64 = Release|x64
		Release|x86 = Release|x86
	EndGlobalSection
	GlobalSection(ProjectConfigurationPlatforms) = postSolution
		{EB93B9CD-525E-4BEB-AEB9-2FF2024564A9}.Debug|x64.ActiveCfg = Debug|x64
		{EB93B9CD-525E-4BEB-AEB9-2FF2024564A9}.Debug|x64.Build.0 = Debug|x64
		{EB93B9CD-525E-4BEB-AEB9-2FF2024564A9}.Debug|x86.ActiveCfg = Debug|Win32
		{EB93B9CD-525E-4BEB-AEB9-2FF2024564A9}.Debug|x86.Build.0 = Debug|Win32
		{EB93B9CD-525E-4BEB-AEB9-2FF2024564A9}.Release|x64.ActiveCfg = Release|x64
		{EB93B9CD-525E-4BEB-AEB9-2FF2024564A9}.Release|x64.Build.0 = Release|x64
		{EB93B9CD-525E-4BEB-AEB9-2FF2024564A9}.Release|x86.ActiveCfg = Release|Win32
		{EB93B9CD-525E-4BEB-AEB9-2FF2024564A9}.Release|x86.Build.0 = Release|Win32
	EndGlobalSection
	GlobalSection(SolutionProperties) = preSolution
		HideSolutionNode = FALSE
	EndGlobalSection
	GlobalSection(ExtensibilityGlobals) = postSolution
		SolutionGuid = {B1D1AA69-00A2-4562-BBE3-3C0727CC8E35}
	EndGlobalSection
EndGlobal
